
Microsoft Visual Studio Solution File, Format Version 12.00
# Visual Studio Version 17
VisualStudioVersion = 17.5.002.0
MinimumVisualStudioVersion = 10.0.40219.1
Project("{2150E333-8FDC-42A3-9474-1A3956D46DE8}") = "sandbox", "sandbox", "{6D2C869C-4AAD-49C9-B07D-A37032BE033E}"
EndProject
Project("{9A19103F-16F7-4668-BE54-9A1E7A4F7556}") = "sandbox_project", "sandbox\sandbox_project\sandbox_project.csproj", "{6ABA141A-786E-4661-B67B-CFC3ADD335D9}"
EndProject
Project("{2150E333-8FDC-42A3-9474-1A3956D46DE8}") = "week01", "week01", "{B5FC9186-6692-434D-BE4B-166DE889DDC2}"
EndProject
Project("{9A19103F-16F7-4668-BE54-9A1E7A4F7556}") = "analyze", "week01\analyze\analyze.csproj", "{4DD7C91A-9045-40BF-8983-E93B76032A49}"
EndProject
Project("{9A19103F-16F7-4668-BE54-9A1E7A4F7556}") = "code", "week01\code\code.csproj", "{DBE4DD49-931C-4AF9-B44A-D008CF9C0ED6}"
EndProject
Project("{9A19103F-16F7-4668-BE54-9A1E7A4F7556}") = "teach", "week01\teach\teach.csproj", "{E0A121CC-7565-4F89-9237-7EADBD7EA3A2}"
EndProject
Project("{2150E333-8FDC-42A3-9474-1A3956D46DE8}") = "week02", "week02", "{19E74ED9-6E7E-4C42-81F5-77827C4B3DC8}"
EndProject
Project("{9A19103F-16F7-4668-BE54-9A1E7A4F7556}") = "analyze", "week02\analyze\analyze.csproj", "{FA1352B4-A927-44D8-B354-41E411E059EA}"
EndProject
Project("{9A19103F-16F7-4668-BE54-9A1E7A4F7556}") = "code", "week02\code\code.csproj", "{427B42D9-2A57-4DB9-BAC7-35670F1F4FFA}"
EndProject
Project("{9A19103F-16F7-4668-BE54-9A1E7A4F7556}") = "learn", "week02\learn\learn.csproj", "{9ADB04DA-C4BF-4DD7-A789-99237F63733F}"
EndProject
Project("{9A19103F-16F7-4668-BE54-9A1E7A4F7556}") = "teach", "week02\teach\teach.csproj", "{E44303A8-C120-407F-A93B-5D423E3B1AA5}"
EndProject
Project("{2150E333-8FDC-42A3-9474-1A3956D46DE8}") = "week03", "week03", "{A3A104BC-2D72-4661-83A8-C6212447545A}"
EndProject
Project("{9A19103F-16F7-4668-BE54-9A1E7A4F7556}") = "code", "week03\code\code.csproj", "{05805012-72DF-4629-AEB9-DFB256BB9E60}"
EndProject
Project("{9A19103F-16F7-4668-BE54-9A1E7A4F7556}") = "learn", "week03\learn\learn.csproj", "{F0CCD6D7-1A44-47AD-86CD-7D7C8097312C}"
EndProject
Project("{9A19103F-16F7-4668-BE54-9A1E7A4F7556}") = "teach", "week03\teach\teach.csproj", "{482F35DE-FBBE-4104-BDFA-B11654A36B3C}"
EndProject
Project("{2150E333-8FDC-42A3-9474-1A3956D46DE8}") = "week04", "week04", "{900C07AC-EA76-4C81-A403-8DF9DCC315FC}"
EndProject
Project("{9A19103F-16F7-4668-BE54-9A1E7A4F7556}") = "code", "week04\code\code.csproj", "{BA43D144-5498-4899-976D-7478A660C4EA}"
EndProject
Project("{2150E333-8FDC-42A3-9474-1A3956D46DE8}") = "week05", "week05", "{17649D6C-163E-43B3-BF8A-D116D57B9BF0}"
EndProject
Project("{9A19103F-16F7-4668-BE54-9A1E7A4F7556}") = "code", "week05\code\code.csproj", "{22B84079-140E-48F3-8670-E6BB06FC6EE3}"
EndProject
Project("{2150E333-8FDC-42A3-9474-1A3956D46DE8}") = "week06", "week06", "{ED971F2F-4622-43B0-87D1-3A783562A331}"
EndProject
Project("{9A19103F-16F7-4668-BE54-9A1E7A4F7556}") = "code", "week06\code\code.csproj", "{4A162426-4B44-4343-BF5B-6C1381497582}"
EndProject
Global
	GlobalSection(SolutionConfigurationPlatforms) = preSolution
		Debug|Any CPU = Debug|Any CPU
		Release|Any CPU = Release|Any CPU
	EndGlobalSection
	GlobalSection(ProjectConfigurationPlatforms) = postSolution
		{6ABA141A-786E-4661-B67B-CFC3ADD335D9}.Debug|Any CPU.ActiveCfg = Debug|Any CPU
		{6ABA141A-786E-4661-B67B-CFC3ADD335D9}.Debug|Any CPU.Build.0 = Debug|Any CPU
		{6ABA141A-786E-4661-B67B-CFC3ADD335D9}.Release|Any CPU.ActiveCfg = Release|Any CPU
		{6ABA141A-786E-4661-B67B-CFC3ADD335D9}.Release|Any CPU.Build.0 = Release|Any CPU
		{4DD7C91A-9045-40BF-8983-E93B76032A49}.Debug|Any CPU.ActiveCfg = Debug|Any CPU
		{4DD7C91A-9045-40BF-8983-E93B76032A49}.Debug|Any CPU.Build.0 = Debug|Any CPU
		{4DD7C91A-9045-40BF-8983-E93B76032A49}.Release|Any CPU.ActiveCfg = Release|Any CPU
		{4DD7C91A-9045-40BF-8983-E93B76032A49}.Release|Any CPU.Build.0 = Release|Any CPU
		{DBE4DD49-931C-4AF9-B44A-D008CF9C0ED6}.Debug|Any CPU.ActiveCfg = Debug|Any CPU
		{DBE4DD49-931C-4AF9-B44A-D008CF9C0ED6}.Debug|Any CPU.Build.0 = Debug|Any CPU
		{DBE4DD49-931C-4AF9-B44A-D008CF9C0ED6}.Release|Any CPU.ActiveCfg = Release|Any CPU
		{DBE4DD49-931C-4AF9-B44A-D008CF9C0ED6}.Release|Any CPU.Build.0 = Release|Any CPU
		{E0A121CC-7565-4F89-9237-7EADBD7EA3A2}.Debug|Any CPU.ActiveCfg = Debug|Any CPU
		{E0A121CC-7565-4F89-9237-7EADBD7EA3A2}.Debug|Any CPU.Build.0 = Debug|Any CPU
		{E0A121CC-7565-4F89-9237-7EADBD7EA3A2}.Release|Any CPU.ActiveCfg = Release|Any CPU
		{E0A121CC-7565-4F89-9237-7EADBD7EA3A2}.Release|Any CPU.Build.0 = Release|Any CPU
		{FA1352B4-A927-44D8-B354-41E411E059EA}.Debug|Any CPU.ActiveCfg = Debug|Any CPU
		{FA1352B4-A927-44D8-B354-41E411E059EA}.Debug|Any CPU.Build.0 = Debug|Any CPU
		{FA1352B4-A927-44D8-B354-41E411E059EA}.Release|Any CPU.ActiveCfg = Release|Any CPU
		{FA1352B4-A927-44D8-B354-41E411E059EA}.Release|Any CPU.Build.0 = Release|Any CPU
		{427B42D9-2A57-4DB9-BAC7-35670F1F4FFA}.Debug|Any CPU.ActiveCfg = Debug|Any CPU
		{427B42D9-2A57-4DB9-BAC7-35670F1F4FFA}.Debug|Any CPU.Build.0 = Debug|Any CPU
		{427B42D9-2A57-4DB9-BAC7-35670F1F4FFA}.Release|Any CPU.ActiveCfg = Release|Any CPU
		{427B42D9-2A57-4DB9-BAC7-35670F1F4FFA}.Release|Any CPU.Build.0 = Release|Any CPU
		{9ADB04DA-C4BF-4DD7-A789-99237F63733F}.Debug|Any CPU.ActiveCfg = Debug|Any CPU
		{9ADB04DA-C4BF-4DD7-A789-99237F63733F}.Debug|Any CPU.Build.0 = Debug|Any CPU
		{9ADB04DA-C4BF-4DD7-A789-99237F63733F}.Release|Any CPU.ActiveCfg = Release|Any CPU
		{9ADB04DA-C4BF-4DD7-A789-99237F63733F}.Release|Any CPU.Build.0 = Release|Any CPU
		{E44303A8-C120-407F-A93B-5D423E3B1AA5}.Debug|Any CPU.ActiveCfg = Debug|Any CPU
		{E44303A8-C120-407F-A93B-5D423E3B1AA5}.Debug|Any CPU.Build.0 = Debug|Any CPU
		{E44303A8-C120-407F-A93B-5D423E3B1AA5}.Release|Any CPU.ActiveCfg = Release|Any CPU
		{E44303A8-C120-407F-A93B-5D423E3B1AA5}.Release|Any CPU.Build.0 = Release|Any CPU
		{05805012-72DF-4629-AEB9-DFB256BB9E60}.Debug|Any CPU.ActiveCfg = Debug|Any CPU
		{05805012-72DF-4629-AEB9-DFB256BB9E60}.Debug|Any CPU.Build.0 = Debug|Any CPU
		{05805012-72DF-4629-AEB9-DFB256BB9E60}.Release|Any CPU.ActiveCfg = Release|Any CPU
		{05805012-72DF-4629-AEB9-DFB256BB9E60}.Release|Any CPU.Build.0 = Release|Any CPU
		{F0CCD6D7-1A44-47AD-86CD-7D7C8097312C}.Debug|Any CPU.ActiveCfg = Debug|Any CPU
		{F0CCD6D7-1A44-47AD-86CD-7D7C8097312C}.Debug|Any CPU.Build.0 = Debug|Any CPU
		{F0CCD6D7-1A44-47AD-86CD-7D7C8097312C}.Release|Any CPU.ActiveCfg = Release|Any CPU
		{F0CCD6D7-1A44-47AD-86CD-7D7C8097312C}.Release|Any CPU.Build.0 = Release|Any CPU
		{482F35DE-FBBE-4104-BDFA-B11654A36B3C}.Debug|Any CPU.ActiveCfg = Debug|Any CPU
		{482F35DE-FBBE-4104-BDFA-B11654A36B3C}.Debug|Any CPU.Build.0 = Debug|Any CPU
		{482F35DE-FBBE-4104-BDFA-B11654A36B3C}.Release|Any CPU.ActiveCfg = Release|Any CPU
		{482F35DE-FBBE-4104-BDFA-B11654A36B3C}.Release|Any CPU.Build.0 = Release|Any CPU
		{BA43D144-5498-4899-976D-7478A660C4EA}.Debug|Any CPU.ActiveCfg = Debug|Any CPU
		{BA43D144-5498-4899-976D-7478A660C4EA}.Debug|Any CPU.Build.0 = Debug|Any CPU
		{BA43D144-5498-4899-976D-7478A660C4EA}.Release|Any CPU.ActiveCfg = Release|Any CPU
		{BA43D144-5498-4899-976D-7478A660C4EA}.Release|Any CPU.Build.0 = Release|Any CPU
		{22B84079-140E-48F3-8670-E6BB06FC6EE3}.Debug|Any CPU.ActiveCfg = Debug|Any CPU
		{22B84079-140E-48F3-8670-E6BB06FC6EE3}.Debug|Any CPU.Build.0 = Debug|Any CPU
		{22B84079-140E-48F3-8670-E6BB06FC6EE3}.Release|Any CPU.ActiveCfg = Release|Any CPU
		{22B84079-140E-48F3-8670-E6BB06FC6EE3}.Release|Any CPU.Build.0 = Release|Any CPU
		{4A162426-4B44-4343-BF5B-6C1381497582}.Debug|Any CPU.ActiveCfg = Debug|Any CPU
		{4A162426-4B44-4343-BF5B-6C1381497582}.Debug|Any CPU.Build.0 = Debug|Any CPU
		{4A162426-4B44-4343-BF5B-6C1381497582}.Release|Any CPU.ActiveCfg = Release|Any CPU
		{4A162426-4B44-4343-BF5B-6C1381497582}.Release|Any CPU.Build.0 = Release|Any CPU
	EndGlobalSection
	GlobalSection(SolutionProperties) = preSolution
		HideSolutionNode = FALSE
	EndGlobalSection
	GlobalSection(NestedProjects) = preSolution
		{6ABA141A-786E-4661-B67B-CFC3ADD335D9} = {6D2C869C-4AAD-49C9-B07D-A37032BE033E}
		{4DD7C91A-9045-40BF-8983-E93B76032A49} = {B5FC9186-6692-434D-BE4B-166DE889DDC2}
		{DBE4DD49-931C-4AF9-B44A-D008CF9C0ED6} = {B5FC9186-6692-434D-BE4B-166DE889DDC2}
		{E0A121CC-7565-4F89-9237-7EADBD7EA3A2} = {B5FC9186-6692-434D-BE4B-166DE889DDC2}
		{FA1352B4-A927-44D8-B354-41E411E059EA} = {19E74ED9-6E7E-4C42-81F5-77827C4B3DC8}
		{427B42D9-2A57-4DB9-BAC7-35670F1F4FFA} = {19E74ED9-6E7E-4C42-81F5-77827C4B3DC8}
		{9ADB04DA-C4BF-4DD7-A789-99237F63733F} = {19E74ED9-6E7E-4C42-81F5-77827C4B3DC8}
		{E44303A8-C120-407F-A93B-5D423E3B1AA5} = {19E74ED9-6E7E-4C42-81F5-77827C4B3DC8}
		{05805012-72DF-4629-AEB9-DFB256BB9E60} = {A3A104BC-2D72-4661-83A8-C6212447545A}
		{F0CCD6D7-1A44-47AD-86CD-7D7C8097312C} = {A3A104BC-2D72-4661-83A8-C6212447545A}
		{482F35DE-FBBE-4104-BDFA-B11654A36B3C} = {A3A104BC-2D72-4661-83A8-C6212447545A}
		{BA43D144-5498-4899-976D-7478A660C4EA} = {900C07AC-EA76-4C81-A403-8DF9DCC315FC}
		{22B84079-140E-48F3-8670-E6BB06FC6EE3} = {17649D6C-163E-43B3-BF8A-D116D57B9BF0}
		{4A162426-4B44-4343-BF5B-6C1381497582} = {ED971F2F-4622-43B0-87D1-3A783562A331}
	EndGlobalSection
	GlobalSection(ExtensibilityGlobals) = postSolution
		SolutionGuid = {587219F8-484B-4061-AFA4-F87E96278768}
	EndGlobalSection
EndGlobal
